// !$*UTF8*$!
{
	archiveVersion = 1;
	classes = {
	};
	objectVersion = 46;
	objects = {

/* Begin PBXBuildFile section */
		362EA29A4592C9412714B2E3 /* Pods_PopularMovies.framework in Frameworks */ = {isa = PBXBuildFile; fileRef = 9B03A19F0A06B6F5CA56AEA7 /* Pods_PopularMovies.framework */; };
		7500A1281DF57CAE00B17251 /* AppDelegate.swift in Sources */ = {isa = PBXBuildFile; fileRef = 7500A1271DF57CAD00B17251 /* AppDelegate.swift */; };
		7500A12A1DF57CAE00B17251 /* MoviesListViewController.swift in Sources */ = {isa = PBXBuildFile; fileRef = 7500A1291DF57CAE00B17251 /* MoviesListViewController.swift */; };
		7500A12D1DF57CAE00B17251 /* Main.storyboard in Resources */ = {isa = PBXBuildFile; fileRef = 7500A12B1DF57CAE00B17251 /* Main.storyboard */; };
		7500A1321DF57CAE00B17251 /* LaunchScreen.storyboard in Resources */ = {isa = PBXBuildFile; fileRef = 7500A1301DF57CAE00B17251 /* LaunchScreen.storyboard */; };
		7500A13D1DF57CAE00B17251 /* PopularMoviesTests.swift in Sources */ = {isa = PBXBuildFile; fileRef = 7500A13C1DF57CAE00B17251 /* PopularMoviesTests.swift */; };
		7500A1481DF57CAE00B17251 /* PopularMoviesUITests.swift in Sources */ = {isa = PBXBuildFile; fileRef = 7500A1471DF57CAE00B17251 /* PopularMoviesUITests.swift */; };
		752168871DF6D29100B941A2 /* MovieCellViewModel.swift in Sources */ = {isa = PBXBuildFile; fileRef = 752168861DF6D29100B941A2 /* MovieCellViewModel.swift */; };
		7521688A1DF6D5A600B941A2 /* ImagePresentable.swift in Sources */ = {isa = PBXBuildFile; fileRef = 752168891DF6D5A600B941A2 /* ImagePresentable.swift */; };
		7521688D1DF6D82000B941A2 /* MovieDetailViewModel.swift in Sources */ = {isa = PBXBuildFile; fileRef = 7521688C1DF6D82000B941A2 /* MovieDetailViewModel.swift */; };
		75244A901DF582E5006A3496 /* TMDbConfig.swift in Sources */ = {isa = PBXBuildFile; fileRef = 75244A8F1DF582E5006A3496 /* TMDbConfig.swift */; };
		75244A921DF586B4006A3496 /* TMDbConstants.swift in Sources */ = {isa = PBXBuildFile; fileRef = 75244A911DF586B4006A3496 /* TMDbConstants.swift */; };
		75244A951DF58BED006A3496 /* TMDbWebservice.swift in Sources */ = {isa = PBXBuildFile; fileRef = 75244A941DF58BED006A3496 /* TMDbWebservice.swift */; };
		752B37FE1DF59AD900075D8B /* Network.framework in Frameworks */ = {isa = PBXBuildFile; fileRef = 7500A1601DF57E0400B17251 /* Network.framework */; };
		752B37FF1DF59AD900075D8B /* Network.framework in Embed Frameworks */ = {isa = PBXBuildFile; fileRef = 7500A1601DF57E0400B17251 /* Network.framework */; settings = {ATTRIBUTES = (CodeSignOnCopy, RemoveHeadersOnCopy, ); }; };
		755A53561DF5AFE4007C54B7 /* Movie.swift in Sources */ = {isa = PBXBuildFile; fileRef = 755A53551DF5AFE4007C54B7 /* Movie.swift */; };
		755A53591DF5BC0C007C54B7 /* MovieCollectionViewCell.swift in Sources */ = {isa = PBXBuildFile; fileRef = 755A53581DF5BC0C007C54B7 /* MovieCollectionViewCell.swift */; };
		755A535B1DF5BD25007C54B7 /* MoviesCollectionViewDataSource.swift in Sources */ = {isa = PBXBuildFile; fileRef = 755A535A1DF5BD25007C54B7 /* MoviesCollectionViewDataSource.swift */; };
		7564185F1DF696E400013767 /* MovieDetailViewController.swift in Sources */ = {isa = PBXBuildFile; fileRef = 7564185E1DF696E400013767 /* MovieDetailViewController.swift */; };
		756418621DF69B0000013767 /* MovieDetailScrollView.swift in Sources */ = {isa = PBXBuildFile; fileRef = 756418611DF69B0000013767 /* MovieDetailScrollView.swift */; };
		756418641DF69D7E00013767 /* MovieDateUtils.swift in Sources */ = {isa = PBXBuildFile; fileRef = 756418631DF69D7E00013767 /* MovieDateUtils.swift */; };
		756418671DF6AB0E00013767 /* Assets.xcassets in Resources */ = {isa = PBXBuildFile; fileRef = 756418661DF6AB0E00013767 /* Assets.xcassets */; };
/* End PBXBuildFile section */

/* Begin PBXContainerItemProxy section */
		7500A1391DF57CAE00B17251 /* PBXContainerItemProxy */ = {
			isa = PBXContainerItemProxy;
			containerPortal = 7500A11C1DF57CAD00B17251 /* Project object */;
			proxyType = 1;
			remoteGlobalIDString = 7500A1231DF57CAD00B17251;
			remoteInfo = PopularMovies;
		};
		7500A1441DF57CAE00B17251 /* PBXContainerItemProxy */ = {
			isa = PBXContainerItemProxy;
			containerPortal = 7500A11C1DF57CAD00B17251 /* Project object */;
			proxyType = 1;
			remoteGlobalIDString = 7500A1231DF57CAD00B17251;
			remoteInfo = PopularMovies;
		};
		7500A15F1DF57E0400B17251 /* PBXContainerItemProxy */ = {
			isa = PBXContainerItemProxy;
			containerPortal = 7500A15A1DF57E0400B17251 /* Network.xcodeproj */;
			proxyType = 2;
			remoteGlobalIDString = 7550EF5A1DEBD1D00006E458;
			remoteInfo = Network;
		};
		7500A1611DF57E0400B17251 /* PBXContainerItemProxy */ = {
			isa = PBXContainerItemProxy;
			containerPortal = 7500A15A1DF57E0400B17251 /* Network.xcodeproj */;
			proxyType = 2;
			remoteGlobalIDString = 7550EF631DEBD1D00006E458;
			remoteInfo = NetworkTests;
		};
		752B38001DF59AD900075D8B /* PBXContainerItemProxy */ = {
			isa = PBXContainerItemProxy;
			containerPortal = 7500A15A1DF57E0400B17251 /* Network.xcodeproj */;
			proxyType = 1;
			remoteGlobalIDString = 7550EF591DEBD1D00006E458;
			remoteInfo = Network;
		};
/* End PBXContainerItemProxy section */

/* Begin PBXCopyFilesBuildPhase section */
		752B38021DF59ADA00075D8B /* Embed Frameworks */ = {
			isa = PBXCopyFilesBuildPhase;
			buildActionMask = 2147483647;
			dstPath = "";
			dstSubfolderSpec = 10;
			files = (
				752B37FF1DF59AD900075D8B /* Network.framework in Embed Frameworks */,
			);
			name = "Embed Frameworks";
			runOnlyForDeploymentPostprocessing = 0;
		};
/* End PBXCopyFilesBuildPhase section */

/* Begin PBXFileReference section */
		5844EBA01E6BBABB185AFEC5 /* Pods-PopularMovies.debug.xcconfig */ = {isa = PBXFileReference; includeInIndex = 1; lastKnownFileType = text.xcconfig; name = "Pods-PopularMovies.debug.xcconfig"; path = "Pods/Target Support Files/Pods-PopularMovies/Pods-PopularMovies.debug.xcconfig"; sourceTree = "<group>"; };
		7233E9E9CB83BB079277D316 /* Pods-PopularMovies.release.xcconfig */ = {isa = PBXFileReference; includeInIndex = 1; lastKnownFileType = text.xcconfig; name = "Pods-PopularMovies.release.xcconfig"; path = "Pods/Target Support Files/Pods-PopularMovies/Pods-PopularMovies.release.xcconfig"; sourceTree = "<group>"; };
		7500A1241DF57CAD00B17251 /* PopularMovies.app */ = {isa = PBXFileReference; explicitFileType = wrapper.application; includeInIndex = 0; path = PopularMovies.app; sourceTree = BUILT_PRODUCTS_DIR; };
		7500A1271DF57CAD00B17251 /* AppDelegate.swift */ = {isa = PBXFileReference; lastKnownFileType = sourcecode.swift; path = AppDelegate.swift; sourceTree = "<group>"; };
		7500A1291DF57CAE00B17251 /* MoviesListViewController.swift */ = {isa = PBXFileReference; lastKnownFileType = sourcecode.swift; path = MoviesListViewController.swift; sourceTree = "<group>"; };
		7500A12C1DF57CAE00B17251 /* Base */ = {isa = PBXFileReference; lastKnownFileType = file.storyboard; name = Base; path = Base.lproj/Main.storyboard; sourceTree = "<group>"; };
		7500A1311DF57CAE00B17251 /* Base */ = {isa = PBXFileReference; lastKnownFileType = file.storyboard; name = Base; path = Base.lproj/LaunchScreen.storyboard; sourceTree = "<group>"; };
		7500A1331DF57CAE00B17251 /* Info.plist */ = {isa = PBXFileReference; lastKnownFileType = text.plist.xml; path = Info.plist; sourceTree = "<group>"; };
		7500A1381DF57CAE00B17251 /* PopularMoviesTests.xctest */ = {isa = PBXFileReference; explicitFileType = wrapper.cfbundle; includeInIndex = 0; path = PopularMoviesTests.xctest; sourceTree = BUILT_PRODUCTS_DIR; };
		7500A13C1DF57CAE00B17251 /* PopularMoviesTests.swift */ = {isa = PBXFileReference; lastKnownFileType = sourcecode.swift; path = PopularMoviesTests.swift; sourceTree = "<group>"; };
		7500A13E1DF57CAE00B17251 /* Info.plist */ = {isa = PBXFileReference; lastKnownFileType = text.plist.xml; path = Info.plist; sourceTree = "<group>"; };
		7500A1431DF57CAE00B17251 /* PopularMoviesUITests.xctest */ = {isa = PBXFileReference; explicitFileType = wrapper.cfbundle; includeInIndex = 0; path = PopularMoviesUITests.xctest; sourceTree = BUILT_PRODUCTS_DIR; };
		7500A1471DF57CAE00B17251 /* PopularMoviesUITests.swift */ = {isa = PBXFileReference; lastKnownFileType = sourcecode.swift; path = PopularMoviesUITests.swift; sourceTree = "<group>"; };
		7500A1491DF57CAE00B17251 /* Info.plist */ = {isa = PBXFileReference; lastKnownFileType = text.plist.xml; path = Info.plist; sourceTree = "<group>"; };
		7500A15A1DF57E0400B17251 /* Network.xcodeproj */ = {isa = PBXFileReference; lastKnownFileType = "wrapper.pb-project"; name = Network.xcodeproj; path = Network/Network.xcodeproj; sourceTree = "<group>"; };
		752168861DF6D29100B941A2 /* MovieCellViewModel.swift */ = {isa = PBXFileReference; fileEncoding = 4; lastKnownFileType = sourcecode.swift; path = MovieCellViewModel.swift; sourceTree = "<group>"; };
		752168891DF6D5A600B941A2 /* ImagePresentable.swift */ = {isa = PBXFileReference; fileEncoding = 4; lastKnownFileType = sourcecode.swift; path = ImagePresentable.swift; sourceTree = "<group>"; };
		7521688C1DF6D82000B941A2 /* MovieDetailViewModel.swift */ = {isa = PBXFileReference; fileEncoding = 4; lastKnownFileType = sourcecode.swift; path = MovieDetailViewModel.swift; sourceTree = "<group>"; };
		75244A8F1DF582E5006A3496 /* TMDbConfig.swift */ = {isa = PBXFileReference; fileEncoding = 4; lastKnownFileType = sourcecode.swift; path = TMDbConfig.swift; sourceTree = "<group>"; };
		75244A911DF586B4006A3496 /* TMDbConstants.swift */ = {isa = PBXFileReference; fileEncoding = 4; lastKnownFileType = sourcecode.swift; path = TMDbConstants.swift; sourceTree = "<group>"; };
		75244A941DF58BED006A3496 /* TMDbWebservice.swift */ = {isa = PBXFileReference; fileEncoding = 4; lastKnownFileType = sourcecode.swift; path = TMDbWebservice.swift; sourceTree = "<group>"; };
		755A53551DF5AFE4007C54B7 /* Movie.swift */ = {isa = PBXFileReference; fileEncoding = 4; lastKnownFileType = sourcecode.swift; path = Movie.swift; sourceTree = "<group>"; };
		755A53581DF5BC0C007C54B7 /* MovieCollectionViewCell.swift */ = {isa = PBXFileReference; fileEncoding = 4; lastKnownFileType = sourcecode.swift; path = MovieCollectionViewCell.swift; sourceTree = "<group>"; };
		755A535A1DF5BD25007C54B7 /* MoviesCollectionViewDataSource.swift */ = {isa = PBXFileReference; fileEncoding = 4; lastKnownFileType = sourcecode.swift; path = MoviesCollectionViewDataSource.swift; sourceTree = "<group>"; };
		7564185E1DF696E400013767 /* MovieDetailViewController.swift */ = {isa = PBXFileReference; fileEncoding = 4; lastKnownFileType = sourcecode.swift; path = MovieDetailViewController.swift; sourceTree = "<group>"; };
		756418611DF69B0000013767 /* MovieDetailScrollView.swift */ = {isa = PBXFileReference; fileEncoding = 4; lastKnownFileType = sourcecode.swift; path = MovieDetailScrollView.swift; sourceTree = "<group>"; };
		756418631DF69D7E00013767 /* MovieDateUtils.swift */ = {isa = PBXFileReference; fileEncoding = 4; lastKnownFileType = sourcecode.swift; path = MovieDateUtils.swift; sourceTree = "<group>"; };
		756418661DF6AB0E00013767 /* Assets.xcassets */ = {isa = PBXFileReference; lastKnownFileType = folder.assetcatalog; path = Assets.xcassets; sourceTree = "<group>"; };
		9B03A19F0A06B6F5CA56AEA7 /* Pods_PopularMovies.framework */ = {isa = PBXFileReference; explicitFileType = wrapper.framework; includeInIndex = 0; path = Pods_PopularMovies.framework; sourceTree = BUILT_PRODUCTS_DIR; };
/* End PBXFileReference section */

/* Begin PBXFrameworksBuildPhase section */
		7500A1211DF57CAD00B17251 /* Frameworks */ = {
			isa = PBXFrameworksBuildPhase;
			buildActionMask = 2147483647;
			files = (
				752B37FE1DF59AD900075D8B /* Network.framework in Frameworks */,
				362EA29A4592C9412714B2E3 /* Pods_PopularMovies.framework in Frameworks */,
			);
			runOnlyForDeploymentPostprocessing = 0;
		};
		7500A1351DF57CAE00B17251 /* Frameworks */ = {
			isa = PBXFrameworksBuildPhase;
			buildActionMask = 2147483647;
			files = (
			);
			runOnlyForDeploymentPostprocessing = 0;
		};
		7500A1401DF57CAE00B17251 /* Frameworks */ = {
			isa = PBXFrameworksBuildPhase;
			buildActionMask = 2147483647;
			files = (
			);
			runOnlyForDeploymentPostprocessing = 0;
		};
/* End PBXFrameworksBuildPhase section */

/* Begin PBXGroup section */
		1C05E677E76725302C3E77A4 /* Frameworks */ = {
			isa = PBXGroup;
			children = (
				9B03A19F0A06B6F5CA56AEA7 /* Pods_PopularMovies.framework */,
			);
			name = Frameworks;
			sourceTree = "<group>";
		};
		7500A11B1DF57CAD00B17251 = {
			isa = PBXGroup;
			children = (
				7500A15A1DF57E0400B17251 /* Network.xcodeproj */,
				7500A1261DF57CAD00B17251 /* PopularMovies */,
				7500A13B1DF57CAE00B17251 /* PopularMoviesTests */,
				7500A1461DF57CAE00B17251 /* PopularMoviesUITests */,
				7500A1251DF57CAD00B17251 /* Products */,
				D60F6E937B2DC5BE6EBADFCE /* Pods */,
				1C05E677E76725302C3E77A4 /* Frameworks */,
			);
			sourceTree = "<group>";
		};
		7500A1251DF57CAD00B17251 /* Products */ = {
			isa = PBXGroup;
			children = (
				7500A1241DF57CAD00B17251 /* PopularMovies.app */,
				7500A1381DF57CAE00B17251 /* PopularMoviesTests.xctest */,
				7500A1431DF57CAE00B17251 /* PopularMoviesUITests.xctest */,
			);
			name = Products;
			sourceTree = "<group>";
		};
		7500A1261DF57CAD00B17251 /* PopularMovies */ = {
			isa = PBXGroup;
			children = (
				7500A1551DF57D5B00B17251 /* App */,
				75244A931DF58708006A3496 /* API */,
				755A53571DF5AFE9007C54B7 /* Model */,
				7500A1561DF57D6900B17251 /* View */,
				7500A1571DF57D7300B17251 /* Controller */,
				7500A1591DF57DA000B17251 /* Assets */,
				7521688B1DF6D5C800B941A2 /* Protocols */,
				756418651DF6A02E00013767 /* Utilities */,
				7500A1581DF57D8500B17251 /* Supporting FIles */,
			);
			path = PopularMovies;
			sourceTree = "<group>";
		};
		7500A13B1DF57CAE00B17251 /* PopularMoviesTests */ = {
			isa = PBXGroup;
			children = (
				7500A13C1DF57CAE00B17251 /* PopularMoviesTests.swift */,
				7500A13E1DF57CAE00B17251 /* Info.plist */,
			);
			path = PopularMoviesTests;
			sourceTree = "<group>";
		};
		7500A1461DF57CAE00B17251 /* PopularMoviesUITests */ = {
			isa = PBXGroup;
			children = (
				7500A1471DF57CAE00B17251 /* PopularMoviesUITests.swift */,
				7500A1491DF57CAE00B17251 /* Info.plist */,
			);
			path = PopularMoviesUITests;
			sourceTree = "<group>";
		};
		7500A1551DF57D5B00B17251 /* App */ = {
			isa = PBXGroup;
			children = (
				7500A1271DF57CAD00B17251 /* AppDelegate.swift */,
			);
			name = App;
			sourceTree = "<group>";
		};
		7500A1561DF57D6900B17251 /* View */ = {
			isa = PBXGroup;
			children = (
				755A53581DF5BC0C007C54B7 /* MovieCollectionViewCell.swift */,
				756418611DF69B0000013767 /* MovieDetailScrollView.swift */,
			);
			name = View;
			sourceTree = "<group>";
		};
		7500A1571DF57D7300B17251 /* Controller */ = {
			isa = PBXGroup;
			children = (
				7500A1291DF57CAE00B17251 /* MoviesListViewController.swift */,
				755A535A1DF5BD25007C54B7 /* MoviesCollectionViewDataSource.swift */,
				7564185E1DF696E400013767 /* MovieDetailViewController.swift */,
			);
			name = Controller;
			sourceTree = "<group>";
		};
		7500A1581DF57D8500B17251 /* Supporting FIles */ = {
			isa = PBXGroup;
			children = (
				7500A1331DF57CAE00B17251 /* Info.plist */,
			);
			name = "Supporting FIles";
			sourceTree = "<group>";
		};
		7500A1591DF57DA000B17251 /* Assets */ = {
			isa = PBXGroup;
			children = (
				7500A12B1DF57CAE00B17251 /* Main.storyboard */,
				756418661DF6AB0E00013767 /* Assets.xcassets */,
				7500A1301DF57CAE00B17251 /* LaunchScreen.storyboard */,
			);
			name = Assets;
			sourceTree = "<group>";
		};
		7500A15B1DF57E0400B17251 /* Products */ = {
			isa = PBXGroup;
			children = (
				7500A1601DF57E0400B17251 /* Network.framework */,
				7500A1621DF57E0400B17251 /* NetworkTests.xctest */,
			);
			name = Products;
			sourceTree = "<group>";
		};
		7521688B1DF6D5C800B941A2 /* Protocols */ = {
			isa = PBXGroup;
			children = (
				752168891DF6D5A600B941A2 /* ImagePresentable.swift */,
			);
			name = Protocols;
			sourceTree = "<group>";
		};
		75244A931DF58708006A3496 /* API */ = {
			isa = PBXGroup;
			children = (
				75244A941DF58BED006A3496 /* TMDbWebservice.swift */,
				75244A8F1DF582E5006A3496 /* TMDbConfig.swift */,
				75244A911DF586B4006A3496 /* TMDbConstants.swift */,
			);
			name = API;
			sourceTree = "<group>";
		};
		755A53571DF5AFE9007C54B7 /* Model */ = {
			isa = PBXGroup;
			children = (
				755A53551DF5AFE4007C54B7 /* Movie.swift */,
				752168861DF6D29100B941A2 /* MovieCellViewModel.swift */,
				7521688C1DF6D82000B941A2 /* MovieDetailViewModel.swift */,
			);
			name = Model;
			sourceTree = "<group>";
		};
		756418651DF6A02E00013767 /* Utilities */ = {
			isa = PBXGroup;
			children = (
				756418631DF69D7E00013767 /* MovieDateUtils.swift */,
			);
			name = Utilities;
			sourceTree = "<group>";
		};
		D60F6E937B2DC5BE6EBADFCE /* Pods */ = {
			isa = PBXGroup;
			children = (
				5844EBA01E6BBABB185AFEC5 /* Pods-PopularMovies.debug.xcconfig */,
				7233E9E9CB83BB079277D316 /* Pods-PopularMovies.release.xcconfig */,
			);
			name = Pods;
			sourceTree = "<group>";
		};
/* End PBXGroup section */

/* Begin PBXNativeTarget section */
		7500A1231DF57CAD00B17251 /* PopularMovies */ = {
			isa = PBXNativeTarget;
			buildConfigurationList = 7500A14C1DF57CAE00B17251 /* Build configuration list for PBXNativeTarget "PopularMovies" */;
			buildPhases = (
				145374541B55BBC9B5C85084 /* [CP] Check Pods Manifest.lock */,
				7500A1201DF57CAD00B17251 /* Sources */,
				7500A1211DF57CAD00B17251 /* Frameworks */,
				7500A1221DF57CAD00B17251 /* Resources */,
				752B38021DF59ADA00075D8B /* Embed Frameworks */,
				3F2C2A9C834DBFAA00A7A191 /* [CP] Embed Pods Frameworks */,
				4FD25B3153572E63E74314FD /* [CP] Copy Pods Resources */,
			);
			buildRules = (
			);
			dependencies = (
				752B38011DF59AD900075D8B /* PBXTargetDependency */,
			);
			name = PopularMovies;
			productName = PopularMovies;
			productReference = 7500A1241DF57CAD00B17251 /* PopularMovies.app */;
			productType = "com.apple.product-type.application";
		};
		7500A1371DF57CAE00B17251 /* PopularMoviesTests */ = {
			isa = PBXNativeTarget;
			buildConfigurationList = 7500A14F1DF57CAE00B17251 /* Build configuration list for PBXNativeTarget "PopularMoviesTests" */;
			buildPhases = (
				7500A1341DF57CAE00B17251 /* Sources */,
				7500A1351DF57CAE00B17251 /* Frameworks */,
				7500A1361DF57CAE00B17251 /* Resources */,
			);
			buildRules = (
			);
			dependencies = (
				7500A13A1DF57CAE00B17251 /* PBXTargetDependency */,
			);
			name = PopularMoviesTests;
			productName = PopularMoviesTests;
			productReference = 7500A1381DF57CAE00B17251 /* PopularMoviesTests.xctest */;
			productType = "com.apple.product-type.bundle.unit-test";
		};
		7500A1421DF57CAE00B17251 /* PopularMoviesUITests */ = {
			isa = PBXNativeTarget;
			buildConfigurationList = 7500A1521DF57CAE00B17251 /* Build configuration list for PBXNativeTarget "PopularMoviesUITests" */;
			buildPhases = (
				7500A13F1DF57CAE00B17251 /* Sources */,
				7500A1401DF57CAE00B17251 /* Frameworks */,
				7500A1411DF57CAE00B17251 /* Resources */,
			);
			buildRules = (
			);
			dependencies = (
				7500A1451DF57CAE00B17251 /* PBXTargetDependency */,
			);
			name = PopularMoviesUITests;
			productName = PopularMoviesUITests;
			productReference = 7500A1431DF57CAE00B17251 /* PopularMoviesUITests.xctest */;
			productType = "com.apple.product-type.bundle.ui-testing";
		};
/* End PBXNativeTarget section */

/* Begin PBXProject section */
		7500A11C1DF57CAD00B17251 /* Project object */ = {
			isa = PBXProject;
			attributes = {
				LastSwiftUpdateCheck = 0810;
				LastUpgradeCheck = 0810;
				ORGANIZATIONNAME = "Ivan Magda";
				TargetAttributes = {
					7500A1231DF57CAD00B17251 = {
						CreatedOnToolsVersion = 8.1;
						DevelopmentTeam = 6UNHY8UY6E;
						ProvisioningStyle = Automatic;
					};
					7500A1371DF57CAE00B17251 = {
						CreatedOnToolsVersion = 8.1;
						DevelopmentTeam = 6UNHY8UY6E;
						ProvisioningStyle = Automatic;
						TestTargetID = 7500A1231DF57CAD00B17251;
					};
					7500A1421DF57CAE00B17251 = {
						CreatedOnToolsVersion = 8.1;
						DevelopmentTeam = 6UNHY8UY6E;
						ProvisioningStyle = Automatic;
						TestTargetID = 7500A1231DF57CAD00B17251;
					};
				};
			};
			buildConfigurationList = 7500A11F1DF57CAD00B17251 /* Build configuration list for PBXProject "PopularMovies" */;
			compatibilityVersion = "Xcode 3.2";
			developmentRegion = English;
			hasScannedForEncodings = 0;
			knownRegions = (
				en,
				Base,
			);
			mainGroup = 7500A11B1DF57CAD00B17251;
			productRefGroup = 7500A1251DF57CAD00B17251 /* Products */;
			projectDirPath = "";
			projectReferences = (
				{
					ProductGroup = 7500A15B1DF57E0400B17251 /* Products */;
					ProjectRef = 7500A15A1DF57E0400B17251 /* Network.xcodeproj */;
				},
			);
			projectRoot = "";
			targets = (
				7500A1231DF57CAD00B17251 /* PopularMovies */,
				7500A1371DF57CAE00B17251 /* PopularMoviesTests */,
				7500A1421DF57CAE00B17251 /* PopularMoviesUITests */,
			);
		};
/* End PBXProject section */

/* Begin PBXReferenceProxy section */
		7500A1601DF57E0400B17251 /* Network.framework */ = {
			isa = PBXReferenceProxy;
			fileType = wrapper.framework;
			path = Network.framework;
			remoteRef = 7500A15F1DF57E0400B17251 /* PBXContainerItemProxy */;
			sourceTree = BUILT_PRODUCTS_DIR;
		};
		7500A1621DF57E0400B17251 /* NetworkTests.xctest */ = {
			isa = PBXReferenceProxy;
			fileType = wrapper.cfbundle;
			path = NetworkTests.xctest;
			remoteRef = 7500A1611DF57E0400B17251 /* PBXContainerItemProxy */;
			sourceTree = BUILT_PRODUCTS_DIR;
		};
/* End PBXReferenceProxy section */

/* Begin PBXResourcesBuildPhase section */
		7500A1221DF57CAD00B17251 /* Resources */ = {
			isa = PBXResourcesBuildPhase;
			buildActionMask = 2147483647;
			files = (
				7500A1321DF57CAE00B17251 /* LaunchScreen.storyboard in Resources */,
				756418671DF6AB0E00013767 /* Assets.xcassets in Resources */,
				7500A12D1DF57CAE00B17251 /* Main.storyboard in Resources */,
			);
			runOnlyForDeploymentPostprocessing = 0;
		};
		7500A1361DF57CAE00B17251 /* Resources */ = {
			isa = PBXResourcesBuildPhase;
			buildActionMask = 2147483647;
			files = (
			);
			runOnlyForDeploymentPostprocessing = 0;
		};
		7500A1411DF57CAE00B17251 /* Resources */ = {
			isa = PBXResourcesBuildPhase;
			buildActionMask = 2147483647;
			files = (
			);
			runOnlyForDeploymentPostprocessing = 0;
		};
/* End PBXResourcesBuildPhase section */

/* Begin PBXShellScriptBuildPhase section */
		145374541B55BBC9B5C85084 /* [CP] Check Pods Manifest.lock */ = {
			isa = PBXShellScriptBuildPhase;
			buildActionMask = 2147483647;
			files = (
			);
			inputPaths = (
			);
			name = "[CP] Check Pods Manifest.lock";
			outputPaths = (
			);
			runOnlyForDeploymentPostprocessing = 0;
			shellPath = /bin/sh;
			shellScript = "diff \"${PODS_ROOT}/../Podfile.lock\" \"${PODS_ROOT}/Manifest.lock\" > /dev/null\nif [ $? != 0 ] ; then\n    # print error to STDERR\n    echo \"error: The sandbox is not in sync with the Podfile.lock. Run 'pod install' or update your CocoaPods installation.\" >&2\n    exit 1\nfi\n";
			showEnvVarsInLog = 0;
		};
		3F2C2A9C834DBFAA00A7A191 /* [CP] Embed Pods Frameworks */ = {
			isa = PBXShellScriptBuildPhase;
			buildActionMask = 2147483647;
			files = (
			);
			inputPaths = (
			);
			name = "[CP] Embed Pods Frameworks";
			outputPaths = (
			);
			runOnlyForDeploymentPostprocessing = 0;
			shellPath = /bin/sh;
			shellScript = "\"${SRCROOT}/Pods/Target Support Files/Pods-PopularMovies/Pods-PopularMovies-frameworks.sh\"\n";
			showEnvVarsInLog = 0;
		};
		4FD25B3153572E63E74314FD /* [CP] Copy Pods Resources */ = {
			isa = PBXShellScriptBuildPhase;
			buildActionMask = 2147483647;
			files = (
			);
			inputPaths = (
			);
			name = "[CP] Copy Pods Resources";
			outputPaths = (
			);
			runOnlyForDeploymentPostprocessing = 0;
			shellPath = /bin/sh;
			shellScript = "\"${SRCROOT}/Pods/Target Support Files/Pods-PopularMovies/Pods-PopularMovies-resources.sh\"\n";
			showEnvVarsInLog = 0;
		};
/* End PBXShellScriptBuildPhase section */

/* Begin PBXSourcesBuildPhase section */
		7500A1201DF57CAD00B17251 /* Sources */ = {
			isa = PBXSourcesBuildPhase;
			buildActionMask = 2147483647;
			files = (
				75244A951DF58BED006A3496 /* TMDbWebservice.swift in Sources */,
				7500A12A1DF57CAE00B17251 /* MoviesListViewController.swift in Sources */,
				755A53561DF5AFE4007C54B7 /* Movie.swift in Sources */,
				756418621DF69B0000013767 /* MovieDetailScrollView.swift in Sources */,
				756418641DF69D7E00013767 /* MovieDateUtils.swift in Sources */,
				75244A901DF582E5006A3496 /* TMDbConfig.swift in Sources */,
				755A535B1DF5BD25007C54B7 /* MoviesCollectionViewDataSource.swift in Sources */,
				752168871DF6D29100B941A2 /* MovieCellViewModel.swift in Sources */,
				755A53591DF5BC0C007C54B7 /* MovieCollectionViewCell.swift in Sources */,
				7500A1281DF57CAE00B17251 /* AppDelegate.swift in Sources */,
				7564185F1DF696E400013767 /* MovieDetailViewController.swift in Sources */,
				7521688A1DF6D5A600B941A2 /* ImagePresentable.swift in Sources */,
				7521688D1DF6D82000B941A2 /* MovieDetailViewModel.swift in Sources */,
				75244A921DF586B4006A3496 /* TMDbConstants.swift in Sources */,
			);
			runOnlyForDeploymentPostprocessing = 0;
		};
		7500A1341DF57CAE00B17251 /* Sources */ = {
			isa = PBXSourcesBuildPhase;
			buildActionMask = 2147483647;
			files = (
				7500A13D1DF57CAE00B17251 /* PopularMoviesTests.swift in Sources */,
			);
			runOnlyForDeploymentPostprocessing = 0;
		};
		7500A13F1DF57CAE00B17251 /* Sources */ = {
			isa = PBXSourcesBuildPhase;
			buildActionMask = 2147483647;
			files = (
				7500A1481DF57CAE00B17251 /* PopularMoviesUITests.swift in Sources */,
			);
			runOnlyForDeploymentPostprocessing = 0;
		};
/* End PBXSourcesBuildPhase section */

/* Begin PBXTargetDependency section */
		7500A13A1DF57CAE00B17251 /* PBXTargetDependency */ = {
			isa = PBXTargetDependency;
			target = 7500A1231DF57CAD00B17251 /* PopularMovies */;
			targetProxy = 7500A1391DF57CAE00B17251 /* PBXContainerItemProxy */;
		};
		7500A1451DF57CAE00B17251 /* PBXTargetDependency */ = {
			isa = PBXTargetDependency;
			target = 7500A1231DF57CAD00B17251 /* PopularMovies */;
			targetProxy = 7500A1441DF57CAE00B17251 /* PBXContainerItemProxy */;
		};
		752B38011DF59AD900075D8B /* PBXTargetDependency */ = {
			isa = PBXTargetDependency;
			name = Network;
			targetProxy = 752B38001DF59AD900075D8B /* PBXContainerItemProxy */;
		};
/* End PBXTargetDependency section */

/* Begin PBXVariantGroup section */
		7500A12B1DF57CAE00B17251 /* Main.storyboard */ = {
			isa = PBXVariantGroup;
			children = (
				7500A12C1DF57CAE00B17251 /* Base */,
			);
			name = Main.storyboard;
			sourceTree = "<group>";
		};
		7500A1301DF57CAE00B17251 /* LaunchScreen.storyboard */ = {
			isa = PBXVariantGroup;
			children = (
				7500A1311DF57CAE00B17251 /* Base */,
			);
			name = LaunchScreen.storyboard;
			sourceTree = "<group>";
		};
/* End PBXVariantGroup section */

/* Begin XCBuildConfiguration section */
		7500A14A1DF57CAE00B17251 /* Debug */ = {
			isa = XCBuildConfiguration;
			buildSettings = {
				ALWAYS_SEARCH_USER_PATHS = NO;
				CLANG_ANALYZER_NONNULL = YES;
				CLANG_CXX_LANGUAGE_STANDARD = "gnu++0x";
				CLANG_CXX_LIBRARY = "libc++";
				CLANG_ENABLE_MODULES = YES;
				CLANG_ENABLE_OBJC_ARC = YES;
				CLANG_WARN_BOOL_CONVERSION = YES;
				CLANG_WARN_CONSTANT_CONVERSION = YES;
				CLANG_WARN_DIRECT_OBJC_ISA_USAGE = YES_ERROR;
				CLANG_WARN_DOCUMENTATION_COMMENTS = YES;
				CLANG_WARN_EMPTY_BODY = YES;
				CLANG_WARN_ENUM_CONVERSION = YES;
				CLANG_WARN_INFINITE_RECURSION = YES;
				CLANG_WARN_INT_CONVERSION = YES;
				CLANG_WARN_OBJC_ROOT_CLASS = YES_ERROR;
				CLANG_WARN_SUSPICIOUS_MOVE = YES;
				CLANG_WARN_SUSPICIOUS_MOVES = YES;
				CLANG_WARN_UNREACHABLE_CODE = YES;
				CLANG_WARN__DUPLICATE_METHOD_MATCH = YES;
				"CODE_SIGN_IDENTITY[sdk=iphoneos*]" = "iPhone Developer";
				COPY_PHASE_STRIP = NO;
				DEBUG_INFORMATION_FORMAT = dwarf;
				ENABLE_STRICT_OBJC_MSGSEND = YES;
				ENABLE_TESTABILITY = YES;
				GCC_C_LANGUAGE_STANDARD = gnu99;
				GCC_DYNAMIC_NO_PIC = NO;
				GCC_NO_COMMON_BLOCKS = YES;
				GCC_OPTIMIZATION_LEVEL = 0;
				GCC_PREPROCESSOR_DEFINITIONS = (
					"DEBUG=1",
					"$(inherited)",
				);
				GCC_WARN_64_TO_32_BIT_CONVERSION = YES;
				GCC_WARN_ABOUT_RETURN_TYPE = YES_ERROR;
				GCC_WARN_UNDECLARED_SELECTOR = YES;
				GCC_WARN_UNINITIALIZED_AUTOS = YES_AGGRESSIVE;
				GCC_WARN_UNUSED_FUNCTION = YES;
				GCC_WARN_UNUSED_VARIABLE = YES;
				IPHONEOS_DEPLOYMENT_TARGET = 8.0;
				MTL_ENABLE_DEBUG_INFO = YES;
				ONLY_ACTIVE_ARCH = YES;
				SDKROOT = iphoneos;
				SWIFT_ACTIVE_COMPILATION_CONDITIONS = DEBUG;
				SWIFT_OPTIMIZATION_LEVEL = "-Onone";
				TARGETED_DEVICE_FAMILY = "1,2";
			};
			name = Debug;
		};
		7500A14B1DF57CAE00B17251 /* Release */ = {
			isa = XCBuildConfiguration;
			buildSettings = {
				ALWAYS_SEARCH_USER_PATHS = NO;
				CLANG_ANALYZER_NONNULL = YES;
				CLANG_CXX_LANGUAGE_STANDARD = "gnu++0x";
				CLANG_CXX_LIBRARY = "libc++";
				CLANG_ENABLE_MODULES = YES;
				CLANG_ENABLE_OBJC_ARC = YES;
				CLANG_WARN_BOOL_CONVERSION = YES;
				CLANG_WARN_CONSTANT_CONVERSION = YES;
				CLANG_WARN_DIRECT_OBJC_ISA_USAGE = YES_ERROR;
				CLANG_WARN_DOCUMENTATION_COMMENTS = YES;
				CLANG_WARN_EMPTY_BODY = YES;
				CLANG_WARN_ENUM_CONVERSION = YES;
				CLANG_WARN_INFINITE_RECURSION = YES;
				CLANG_WARN_INT_CONVERSION = YES;
				CLANG_WARN_OBJC_ROOT_CLASS = YES_ERROR;
				CLANG_WARN_SUSPICIOUS_MOVE = YES;
				CLANG_WARN_SUSPICIOUS_MOVES = YES;
				CLANG_WARN_UNREACHABLE_CODE = YES;
				CLANG_WARN__DUPLICATE_METHOD_MATCH = YES;
				"CODE_SIGN_IDENTITY[sdk=iphoneos*]" = "iPhone Developer";
				COPY_PHASE_STRIP = NO;
				DEBUG_INFORMATION_FORMAT = "dwarf-with-dsym";
				ENABLE_NS_ASSERTIONS = NO;
				ENABLE_STRICT_OBJC_MSGSEND = YES;
				GCC_C_LANGUAGE_STANDARD = gnu99;
				GCC_NO_COMMON_BLOCKS = YES;
				GCC_WARN_64_TO_32_BIT_CONVERSION = YES;
				GCC_WARN_ABOUT_RETURN_TYPE = YES_ERROR;
				GCC_WARN_UNDECLARED_SELECTOR = YES;
				GCC_WARN_UNINITIALIZED_AUTOS = YES_AGGRESSIVE;
				GCC_WARN_UNUSED_FUNCTION = YES;
				GCC_WARN_UNUSED_VARIABLE = YES;
				IPHONEOS_DEPLOYMENT_TARGET = 8.0;
				MTL_ENABLE_DEBUG_INFO = NO;
				SDKROOT = iphoneos;
				SWIFT_OPTIMIZATION_LEVEL = "-Owholemodule";
				TARGETED_DEVICE_FAMILY = "1,2";
				VALIDATE_PRODUCT = YES;
			};
			name = Release;
		};
		7500A14D1DF57CAE00B17251 /* Debug */ = {
			isa = XCBuildConfiguration;
			baseConfigurationReference = 5844EBA01E6BBABB185AFEC5 /* Pods-PopularMovies.debug.xcconfig */;
			buildSettings = {
				ALWAYS_EMBED_SWIFT_STANDARD_LIBRARIES = YES;
				ASSETCATALOG_COMPILER_APPICON_NAME = AppIcon;
				DEVELOPMENT_TEAM = 6UNHY8UY6E;
				INFOPLIST_FILE = PopularMovies/Info.plist;
				IPHONEOS_DEPLOYMENT_TARGET = 8.0;
				LD_RUNPATH_SEARCH_PATHS = "$(inherited) @executable_path/Frameworks";
				PRODUCT_BUNDLE_IDENTIFIER = com.ivanmagda.PopularMovies;
				PRODUCT_NAME = "$(TARGET_NAME)";
				SWIFT_VERSION = 3.0;
			};
			name = Debug;
		};
		7500A14E1DF57CAE00B17251 /* Release */ = {
			isa = XCBuildConfiguration;
			baseConfigurationReference = 7233E9E9CB83BB079277D316 /* Pods-PopularMovies.release.xcconfig */;
			buildSettings = {
				ALWAYS_EMBED_SWIFT_STANDARD_LIBRARIES = YES;
				ASSETCATALOG_COMPILER_APPICON_NAME = AppIcon;
				DEVELOPMENT_TEAM = 6UNHY8UY6E;
				INFOPLIST_FILE = PopularMovies/Info.plist;
				IPHONEOS_DEPLOYMENT_TARGET = 8.0;
				LD_RUNPATH_SEARCH_PATHS = "$(inherited) @executable_path/Frameworks";
				PRODUCT_BUNDLE_IDENTIFIER = com.ivanmagda.PopularMovies;
				PRODUCT_NAME = "$(TARGET_NAME)";
				SWIFT_VERSION = 3.0;
			};
			name = Release;
		};
		7500A1501DF57CAE00B17251 /* Debug */ = {
			isa = XCBuildConfiguration;
			buildSettings = {
				ALWAYS_EMBED_SWIFT_STANDARD_LIBRARIES = YES;
				BUNDLE_LOADER = "$(TEST_HOST)";
				DEVELOPMENT_TEAM = 6UNHY8UY6E;
				INFOPLIST_FILE = PopularMoviesTests/Info.plist;
				LD_RUNPATH_SEARCH_PATHS = "$(inherited) @executable_path/Frameworks @loader_path/Frameworks";
				PRODUCT_BUNDLE_IDENTIFIER = com.ivanmagda.PopularMoviesTests;
				PRODUCT_NAME = "$(TARGET_NAME)";
				SWIFT_VERSION = 3.0;
				TEST_HOST = "$(BUILT_PRODUCTS_DIR)/PopularMovies.app/PopularMovies";
			};
			name = Debug;
		};
		7500A1511DF57CAE00B17251 /* Release */ = {
			isa = XCBuildConfiguration;
			buildSettings = {
				ALWAYS_EMBED_SWIFT_STANDARD_LIBRARIES = YES;
				BUNDLE_LOADER = "$(TEST_HOST)";
				DEVELOPMENT_TEAM = 6UNHY8UY6E;
				INFOPLIST_FILE = PopularMoviesTests/Info.plist;
				LD_RUNPATH_SEARCH_PATHS = "$(inherited) @executable_path/Frameworks @loader_path/Frameworks";
				PRODUCT_BUNDLE_IDENTIFIER = com.ivanmagda.PopularMoviesTests;
				PRODUCT_NAME = "$(TARGET_NAME)";
				SWIFT_VERSION = 3.0;
				TEST_HOST = "$(BUILT_PRODUCTS_DIR)/PopularMovies.app/PopularMovies";
			};
			name = Release;
		};
		7500A1531DF57CAE00B17251 /* Debug */ = {
			isa = XCBuildConfiguration;
			buildSettings = {
				ALWAYS_EMBED_SWIFT_STANDARD_LIBRARIES = YES;
				DEVELOPMENT_TEAM = 6UNHY8UY6E;
				INFOPLIST_FILE = PopularMoviesUITests/Info.plist;
				LD_RUNPATH_SEARCH_PATHS = "$(inherited) @executable_path/Frameworks @loader_path/Frameworks";
				PRODUCT_BUNDLE_IDENTIFIER = com.ivanmagda.PopularMoviesUITests;
				PRODUCT_NAME = "$(TARGET_NAME)";
				SWIFT_VERSION = 3.0;
				TEST_TARGET_NAME = PopularMovies;
			};
			name = Debug;
		};
		7500A1541DF57CAE00B17251 /* Release */ = {
			isa = XCBuildConfiguration;
			buildSettings = {
				ALWAYS_EMBED_SWIFT_STANDARD_LIBRARIES = YES;
				DEVELOPMENT_TEAM = 6UNHY8UY6E;
				INFOPLIST_FILE = PopularMoviesUITests/Info.plist;
				LD_RUNPATH_SEARCH_PATHS = "$(inherited) @executable_path/Frameworks @loader_path/Frameworks";
				PRODUCT_BUNDLE_IDENTIFIER = com.ivanmagda.PopularMoviesUITests;
				PRODUCT_NAME = "$(TARGET_NAME)";
				SWIFT_VERSION = 3.0;
				TEST_TARGET_NAME = PopularMovies;
			};
			name = Release;
		};
/* End XCBuildConfiguration section */

/* Begin XCConfigurationList section */
		7500A11F1DF57CAD00B17251 /* Build configuration list for PBXProject "PopularMovies" */ = {
			isa = XCConfigurationList;
			buildConfigurations = (
				7500A14A1DF57CAE00B17251 /* Debug */,
				7500A14B1DF57CAE00B17251 /* Release */,
			);
			defaultConfigurationIsVisible = 0;
			defaultConfigurationName = Release;
		};
		7500A14C1DF57CAE00B17251 /* Build configuration list for PBXNativeTarget "PopularMovies" */ = {
			isa = XCConfigurationList;
			buildConfigurations = (
				7500A14D1DF57CAE00B17251 /* Debug */,
				7500A14E1DF57CAE00B17251 /* Release */,
			);
			defaultConfigurationIsVisible = 0;
			defaultConfigurationName = Release;
		};
		7500A14F1DF57CAE00B17251 /* Build configuration list for PBXNativeTarget "PopularMoviesTests" */ = {
			isa = XCConfigurationList;
			buildConfigurations = (
				7500A1501DF57CAE00B17251 /* Debug */,
				7500A1511DF57CAE00B17251 /* Release */,
			);
			defaultConfigurationIsVisible = 0;
			defaultConfigurationName = Release;
		};
		7500A1521DF57CAE00B17251 /* Build configuration list for PBXNativeTarget "PopularMoviesUITests" */ = {
			isa = XCConfigurationList;
			buildConfigurations = (
				7500A1531DF57CAE00B17251 /* Debug */,
				7500A1541DF57CAE00B17251 /* Release */,
			);
			defaultConfigurationIsVisible = 0;
			defaultConfigurationName = Release;
		};
/* End XCConfigurationList section */
	};
	rootObject = 7500A11C1DF57CAD00B17251 /* Project object */;
}
